
Microsoft Visual Studio Solution File, Format Version 11.00
# Visual Studio 2010
Project("{FAE04EC0-301F-11D3-BF4B-00C04F79EFBC}") = "NPOI.net2", "NPOI.net2.csproj", "{10FA8538-157A-4380-A4F6-8E2C3EE92CAE}"
EndProject
Global
	GlobalSection(SolutionConfigurationPlatforms) = preSolution
		.net 2 Release|Any CPU = .net 2 Release|Any CPU
		.net 4 Release|Any CPU = .net 4 Release|Any CPU
		Debug|Any CPU = Debug|Any CPU
		Release|Any CPU = Release|Any CPU
	EndGlobalSection
	GlobalSection(ProjectConfigurationPlatforms) = postSolution
		{10FA8538-157A-4380-A4F6-8E2C3EE92CAE}..net 2 Release|Any CPU.ActiveCfg = .net 2 Release|Any CPU
		{10FA8538-157A-4380-A4F6-8E2C3EE92CAE}..net 2 Release|Any CPU.Build.0 = .net 2 Release|Any CPU
		{10FA8538-157A-4380-A4F6-8E2C3EE92CAE}..net 4 Release|Any CPU.ActiveCfg = .net 4 Release|Any CPU
		{10FA8538-157A-4380-A4F6-8E2C3EE92CAE}..net 4 Release|Any CPU.Build.0 = .net 4 Release|Any CPU
		{10FA8538-157A-4380-A4F6-8E2C3EE92CAE}.Debug|Any CPU.ActiveCfg = Debug|Any CPU
		{10FA8538-157A-4380-A4F6-8E2C3EE92CAE}.Debug|Any CPU.Build.0 = Debug|Any CPU
		{10FA8538-157A-4380-A4F6-8E2C3EE92CAE}.Release|Any CPU.ActiveCfg = Release|Any CPU
		{10FA8538-157A-4380-A4F6-8E2C3EE92CAE}.Release|Any CPU.Build.0 = Release|Any CPU
	EndGlobalSection
	GlobalSection(SolutionProperties) = preSolution
		HideSolutionNode = FALSE
	EndGlobalSection
EndGlobal
