
Microsoft Visual Studio Solution File, Format Version 11.00
# Visual Studio 2010
Project("{FAE04EC0-301F-11D3-BF4B-00C04F79EFBC}") = "NPOI.OpenXmlFormats.net2", "NPOI.OpenXmlFormats.net2.csproj", "{A6874784-2875-4F40-9E8F-8385A640F5D6}"
EndProject
Global
	GlobalSection(SolutionConfigurationPlatforms) = preSolution
		.net 2 Release|Any CPU = .net 2 Release|Any CPU
		.net 4 Release|Any CPU = .net 4 Release|Any CPU
		Debug|Any CPU = Debug|Any CPU
		Release|Any CPU = Release|Any CPU
	EndGlobalSection
	GlobalSection(ProjectConfigurationPlatforms) = postSolution
		{A6874784-2875-4F40-9E8F-8385A640F5D6}..net 2 Release|Any CPU.ActiveCfg = .net 2 Release|Any CPU
		{A6874784-2875-4F40-9E8F-8385A640F5D6}..net 2 Release|Any CPU.Build.0 = .net 2 Release|Any CPU
		{A6874784-2875-4F40-9E8F-8385A640F5D6}..net 4 Release|Any CPU.ActiveCfg = .net 4 Release|Any CPU
		{A6874784-2875-4F40-9E8F-8385A640F5D6}..net 4 Release|Any CPU.Build.0 = .net 4 Release|Any CPU
		{A6874784-2875-4F40-9E8F-8385A640F5D6}.Debug|Any CPU.ActiveCfg = Debug|Any CPU
		{A6874784-2875-4F40-9E8F-8385A640F5D6}.Debug|Any CPU.Build.0 = Debug|Any CPU
		{A6874784-2875-4F40-9E8F-8385A640F5D6}.Release|Any CPU.ActiveCfg = Release|Any CPU
		{A6874784-2875-4F40-9E8F-8385A640F5D6}.Release|Any CPU.Build.0 = Release|Any CPU
	EndGlobalSection
	GlobalSection(SolutionProperties) = preSolution
		HideSolutionNode = FALSE
	EndGlobalSection
EndGlobal
