
Microsoft Visual Studio Solution File, Format Version 11.00
# Visual Studio 2010
Project("{FAE04EC0-301F-11D3-BF4B-00C04F79EFBC}") = "NPOI.OOXML.net2", "NPOI.OOXML.net2.csproj", "{6BEED965-B9A0-4FFA-B96D-0F380A97331A}"
EndProject
Global
	GlobalSection(SolutionConfigurationPlatforms) = preSolution
		.net 2 Release|Any CPU = .net 2 Release|Any CPU
		.net 4 Release|Any CPU = .net 4 Release|Any CPU
		Debug|Any CPU = Debug|Any CPU
		Release|Any CPU = Release|Any CPU
	EndGlobalSection
	GlobalSection(ProjectConfigurationPlatforms) = postSolution
		{6BEED965-B9A0-4FFA-B96D-0F380A97331A}..net 2 Release|Any CPU.ActiveCfg = .net 2 Release|Any CPU
		{6BEED965-B9A0-4FFA-B96D-0F380A97331A}..net 2 Release|Any CPU.Build.0 = .net 2 Release|Any CPU
		{6BEED965-B9A0-4FFA-B96D-0F380A97331A}..net 4 Release|Any CPU.ActiveCfg = .net 4 Release|Any CPU
		{6BEED965-B9A0-4FFA-B96D-0F380A97331A}..net 4 Release|Any CPU.Build.0 = .net 4 Release|Any CPU
		{6BEED965-B9A0-4FFA-B96D-0F380A97331A}.Debug|Any CPU.ActiveCfg = Debug|Any CPU
		{6BEED965-B9A0-4FFA-B96D-0F380A97331A}.Debug|Any CPU.Build.0 = Debug|Any CPU
		{6BEED965-B9A0-4FFA-B96D-0F380A97331A}.Release|Any CPU.ActiveCfg = Release|Any CPU
		{6BEED965-B9A0-4FFA-B96D-0F380A97331A}.Release|Any CPU.Build.0 = Release|Any CPU
	EndGlobalSection
	GlobalSection(SolutionProperties) = preSolution
		HideSolutionNode = FALSE
	EndGlobalSection
EndGlobal
