
Microsoft Visual Studio Solution File, Format Version 11.00
# Visual Studio 2010
Project("{FAE04EC0-301F-11D3-BF4B-00C04F79EFBC}") = "NPOI.OpenXml4Net.net2", "NPOI.OpenXml4Net.net2.csproj", "{C9F265B7-ECE3-4755-B0B1-79536575C2A9}"
EndProject
Global
	GlobalSection(SolutionConfigurationPlatforms) = preSolution
		.net 2 Release|Any CPU = .net 2 Release|Any CPU
		.net 4 Release|Any CPU = .net 4 Release|Any CPU
		Debug|Any CPU = Debug|Any CPU
		Release|Any CPU = Release|Any CPU
	EndGlobalSection
	GlobalSection(ProjectConfigurationPlatforms) = postSolution
		{C9F265B7-ECE3-4755-B0B1-79536575C2A9}..net 2 Release|Any CPU.ActiveCfg = .net 2 Release|Any CPU
		{C9F265B7-ECE3-4755-B0B1-79536575C2A9}..net 2 Release|Any CPU.Build.0 = .net 2 Release|Any CPU
		{C9F265B7-ECE3-4755-B0B1-79536575C2A9}..net 4 Release|Any CPU.ActiveCfg = .net 4 Release|Any CPU
		{C9F265B7-ECE3-4755-B0B1-79536575C2A9}..net 4 Release|Any CPU.Build.0 = .net 4 Release|Any CPU
		{C9F265B7-ECE3-4755-B0B1-79536575C2A9}.Debug|Any CPU.ActiveCfg = Debug|Any CPU
		{C9F265B7-ECE3-4755-B0B1-79536575C2A9}.Debug|Any CPU.Build.0 = Debug|Any CPU
		{C9F265B7-ECE3-4755-B0B1-79536575C2A9}.Release|Any CPU.ActiveCfg = Release|Any CPU
		{C9F265B7-ECE3-4755-B0B1-79536575C2A9}.Release|Any CPU.Build.0 = Release|Any CPU
	EndGlobalSection
	GlobalSection(SolutionProperties) = preSolution
		HideSolutionNode = FALSE
	EndGlobalSection
EndGlobal
